schema: '2.0'
stages:
  data_ingestion:
    cmd: py src/data_ingestion.py
    deps:
    - path: src/data_ingestion.py
      hash: md5
      md5: 7166da7c1c27644fc57957bae18fdc9c
      size: 2953
    outs:
    - path: data/raw
      hash: md5
      md5: 1a287d34dc172d9f950c03dae35f7e73.dir
      size: 484846
      nfiles: 2
  data_preprocessing:
    cmd: py src/data_preprocessing.py
    deps:
    - path: data/raw
      hash: md5
      md5: 1a287d34dc172d9f950c03dae35f7e73.dir
      size: 484846
      nfiles: 2
    - path: src/data_preprocessing.py
      hash: md5
      md5: 592524d61a063261c0d360cdfa38684b
      size: 8683
    outs:
    - path: data/interim
      hash: md5
      md5: d99be5cb2b019d747166f90739fa6d08.dir
      size: 260073
      nfiles: 2
  feature_engineering:
    cmd: py src/feature_engineering.py
    deps:
    - path: data/interim
      hash: md5
      md5: d99be5cb2b019d747166f90739fa6d08.dir
      size: 260073
      nfiles: 2
    - path: src/feature_engineering.py
      hash: md5
      md5: ca78198436fa38298ee2f5ea035a6a9f
      size: 3224
    outs:
    - path: data/processed
      hash: md5
      md5: 75e218e1ef3eca0fbee7bf147502a2e7.dir
      size: 1179996
      nfiles: 2
  model_building:
    cmd: py src/model_building.py
    deps:
    - path: data/processed
      hash: md5
      md5: 75e218e1ef3eca0fbee7bf147502a2e7.dir
      size: 1179996
      nfiles: 2
    - path: src/model_building.py
      hash: md5
      md5: 0bb7c4552a31ee5e118efcc18247705b
      size: 3797
    outs:
    - path: models/model.pkl
      hash: md5
      md5: c2db05e95c7bbfd6ec7fe73bf842d217
      size: 997825
  model_evaluation:
    cmd: py src/model_evaluation.py
    deps:
    - path: models/model.pkl
      hash: md5
      md5: c2db05e95c7bbfd6ec7fe73bf842d217
      size: 997825
    - path: src/model_evaluation.py
      hash: md5
      md5: e9d4c95c78152ebfdb5b0bd9cfc6298a
      size: 3643
