schema: '2.0'
stages:
  data_ingestion:
    cmd: py src/data_ingestion.py
    deps:
    - path: src/data_ingestion.py
      hash: md5
      md5: f16d5315bef87559c48e3f72880e42eb
      size: 3720
    params:
      params.yaml:
        data_ingestion.test_size: 0.15
    outs:
    - path: data/raw
      hash: md5
      md5: a15ba66afdf82f8659b031b175286ed3.dir
      size: 484846
      nfiles: 2
  data_preprocessing:
    cmd: py src/data_preprocessing.py
    deps:
    - path: data/raw
      hash: md5
      md5: a15ba66afdf82f8659b031b175286ed3.dir
      size: 484846
      nfiles: 2
    - path: src/data_preprocessing.py
      hash: md5
      md5: f2cc8d152dd3b86948d409ad491e9e51
      size: 12670
    outs:
    - path: data/interim
      hash: md5
      md5: 60a6fff4e80508df65a68e383fa2725e.dir
      size: 259164
      nfiles: 2
  feature_engineering:
    cmd: py src/feature_engineering.py
    deps:
    - path: data/interim
      hash: md5
      md5: 60a6fff4e80508df65a68e383fa2725e.dir
      size: 259164
      nfiles: 2
    - path: src/feature_engineering.py
      hash: md5
      md5: 914996917d2f5455855b89b081b054cc
      size: 4008
    params:
      params.yaml:
        feature_engineering.max_features: 45
    outs:
    - path: data/processed
      hash: md5
      md5: 559a406bd55d72aa3370a7e2ed550a87.dir
      size: 1062472
      nfiles: 2
  model_building:
    cmd: py src/model_building.py
    deps:
    - path: data/processed
      hash: md5
      md5: 559a406bd55d72aa3370a7e2ed550a87.dir
      size: 1062472
      nfiles: 2
    - path: src/model_building.py
      hash: md5
      md5: 4218955b9642a2e3e5fe757cfd68a047
      size: 4446
    params:
      params.yaml:
        model_building.n_estimators: 20
        model_building.random_state: 2
    outs:
    - path: models/model.pkl
      hash: md5
      md5: 54b44a0bbf43f152ba721df3dfecae75
      size: 811842
  model_evaluation:
    cmd: py src/model_evaluation.py
    deps:
    - path: models/model.pkl
      hash: md5
      md5: 54b44a0bbf43f152ba721df3dfecae75
      size: 811842
    - path: src/model_evaluation.py
      hash: md5
      md5: e9d4c95c78152ebfdb5b0bd9cfc6298a
      size: 3643
